
Microsoft Visual Studio Solution File, Format Version 12.00
# Visual Studio 15
VisualStudioVersion = 15.0.28010.2026
MinimumVisualStudioVersion = 10.0.40219.1
Project("{FAE04EC0-301F-11D3-BF4B-00C04F79EFBC}") = "encapsulation", "encapsulation\encapsulation.csproj", "{7020ADE5-F5B3-4283-9562-9F3351F347F0}"
EndProject
Global
	GlobalSection(SolutionConfigurationPlatforms) = preSolution
		Debug|Any CPU = Debug|Any CPU
		Release|Any CPU = Release|Any CPU
	EndGlobalSection
	GlobalSection(ProjectConfigurationPlatforms) = postSolution
		{7020ADE5-F5B3-4283-9562-9F3351F347F0}.Debug|Any CPU.ActiveCfg = Debug|Any CPU
		{7020ADE5-F5B3-4283-9562-9F3351F347F0}.Debug|Any CPU.Build.0 = Debug|Any CPU
		{7020ADE5-F5B3-4283-9562-9F3351F347F0}.Release|Any CPU.ActiveCfg = Release|Any CPU
		{7020ADE5-F5B3-4283-9562-9F3351F347F0}.Release|Any CPU.Build.0 = Release|Any CPU
	EndGlobalSection
	GlobalSection(SolutionProperties) = preSolution
		HideSolutionNode = FALSE
	EndGlobalSection
	GlobalSection(ExtensibilityGlobals) = postSolution
		SolutionGuid = {39AE7246-F92F-48DA-A2E7-E8DE7C4AB384}
	EndGlobalSection
EndGlobal
